
Microsoft Visual Studio Solution File, Format Version 12.00
# Visual Studio 15
VisualStudioVersion = 15.0.28010.2046
MinimumVisualStudioVersion = 10.0.40219.1
Project("{FAE04EC0-301F-11D3-BF4B-00C04F79EFBC}") = "TODO List", "TODO List\TODO List.csproj", "{F774EF31-9309-44E5-B8EA-5FAC11108E5B}"
EndProject
Project("{FAE04EC0-301F-11D3-BF4B-00C04F79EFBC}") = "Business Layer", "Business Layer\Business Layer.csproj", "{6A8A3B39-D10A-481B-9034-B914502D5EDA}"
EndProject
Global
	GlobalSection(SolutionConfigurationPlatforms) = preSolution
		Debug|Any CPU = Debug|Any CPU
		Release|Any CPU = Release|Any CPU
	EndGlobalSection
	GlobalSection(ProjectConfigurationPlatforms) = postSolution
		{F774EF31-9309-44E5-B8EA-5FAC11108E5B}.Debug|Any CPU.ActiveCfg = Debug|Any CPU
		{F774EF31-9309-44E5-B8EA-5FAC11108E5B}.Debug|Any CPU.Build.0 = Debug|Any CPU
		{F774EF31-9309-44E5-B8EA-5FAC11108E5B}.Release|Any CPU.ActiveCfg = Release|Any CPU
		{F774EF31-9309-44E5-B8EA-5FAC11108E5B}.Release|Any CPU.Build.0 = Release|Any CPU
		{6A8A3B39-D10A-481B-9034-B914502D5EDA}.Debug|Any CPU.ActiveCfg = Debug|Any CPU
		{6A8A3B39-D10A-481B-9034-B914502D5EDA}.Debug|Any CPU.Build.0 = Debug|Any CPU
		{6A8A3B39-D10A-481B-9034-B914502D5EDA}.Release|Any CPU.ActiveCfg = Release|Any CPU
		{6A8A3B39-D10A-481B-9034-B914502D5EDA}.Release|Any CPU.Build.0 = Release|Any CPU
	EndGlobalSection
	GlobalSection(SolutionProperties) = preSolution
		HideSolutionNode = FALSE
	EndGlobalSection
	GlobalSection(ExtensibilityGlobals) = postSolution
		SolutionGuid = {A5A0A9CA-C54F-494E-B1BD-4BD712D777A0}
	EndGlobalSection
EndGlobal
